// !$*UTF8*$!
{
	archiveVersion = 1;
	classes = {
	};
	objectVersion = 46;
	objects = {

/* Begin PBXBuildFile section */
		00CD438A1B07025F00881914 /* AppDelegate.swift in Sources */ = {isa = PBXBuildFile; fileRef = 00CD43891B07025F00881914 /* AppDelegate.swift */; };
		00CD438C1B07025F00881914 /* ViewController.swift in Sources */ = {isa = PBXBuildFile; fileRef = 00CD438B1B07025F00881914 /* ViewController.swift */; };
		00CD438F1B07025F00881914 /* Main.storyboard in Resources */ = {isa = PBXBuildFile; fileRef = 00CD438D1B07025F00881914 /* Main.storyboard */; };
		00CD43911B07025F00881914 /* Images.xcassets in Resources */ = {isa = PBXBuildFile; fileRef = 00CD43901B07025F00881914 /* Images.xcassets */; };
		00CD43941B07025F00881914 /* LaunchScreen.xib in Resources */ = {isa = PBXBuildFile; fileRef = 00CD43921B07025F00881914 /* LaunchScreen.xib */; };
		00CD43A01B07025F00881914 /* CodeCoverageTests.swift in Sources */ = {isa = PBXBuildFile; fileRef = 00CD439F1B07025F00881914 /* CodeCoverageTests.swift */; };
/* End PBXBuildFile section */

/* Begin PBXContainerItemProxy section */
		00CD439A1B07025F00881914 /* PBXContainerItemProxy */ = {
			isa = PBXContainerItemProxy;
			containerPortal = 00CD437C1B07025F00881914 /* Project object */;
			proxyType = 1;
			remoteGlobalIDString = 00CD43831B07025F00881914;
			remoteInfo = CodeCoverage;
		};
/* End PBXContainerItemProxy section */

/* Begin PBXFileReference section */
		00CD43841B07025F00881914 /* CodeCoverage.app */ = {isa = PBXFileReference; explicitFileType = wrapper.application; includeInIndex = 0; path = CodeCoverage.app; sourceTree = BUILT_PRODUCTS_DIR; };
		00CD43881B07025F00881914 /* Info.plist */ = {isa = PBXFileReference; lastKnownFileType = text.plist.xml; path = Info.plist; sourceTree = "<group>"; };
		00CD43891B07025F00881914 /* AppDelegate.swift */ = {isa = PBXFileReference; lastKnownFileType = sourcecode.swift; path = AppDelegate.swift; sourceTree = "<group>"; };
		00CD438B1B07025F00881914 /* ViewController.swift */ = {isa = PBXFileReference; lastKnownFileType = sourcecode.swift; path = ViewController.swift; sourceTree = "<group>"; };
		00CD438E1B07025F00881914 /* Base */ = {isa = PBXFileReference; lastKnownFileType = file.storyboard; name = Base; path = Base.lproj/Main.storyboard; sourceTree = "<group>"; };
		00CD43901B07025F00881914 /* Images.xcassets */ = {isa = PBXFileReference; lastKnownFileType = folder.assetcatalog; path = Images.xcassets; sourceTree = "<group>"; };
		00CD43931B07025F00881914 /* Base */ = {isa = PBXFileReference; lastKnownFileType = file.xib; name = Base; path = Base.lproj/LaunchScreen.xib; sourceTree = "<group>"; };
		00CD43991B07025F00881914 /* CodeCoverageTests.xctest */ = {isa = PBXFileReference; explicitFileType = wrapper.cfbundle; includeInIndex = 0; path = CodeCoverageTests.xctest; sourceTree = BUILT_PRODUCTS_DIR; };
		00CD439E1B07025F00881914 /* Info.plist */ = {isa = PBXFileReference; lastKnownFileType = text.plist.xml; path = Info.plist; sourceTree = "<group>"; };
		00CD439F1B07025F00881914 /* CodeCoverageTests.swift */ = {isa = PBXFileReference; lastKnownFileType = sourcecode.swift; path = CodeCoverageTests.swift; sourceTree = "<group>"; };
/* End PBXFileReference section */

/* Begin PBXFrameworksBuildPhase section */
		00CD43811B07025F00881914 /* Frameworks */ = {
			isa = PBXFrameworksBuildPhase;
			buildActionMask = 2147483647;
			files = (
			);
			runOnlyForDeploymentPostprocessing = 0;
		};
		00CD43961B07025F00881914 /* Frameworks */ = {
			isa = PBXFrameworksBuildPhase;
			buildActionMask = 2147483647;
			files = (
			);
			runOnlyForDeploymentPostprocessing = 0;
		};
/* End PBXFrameworksBuildPhase section */

/* Begin PBXGroup section */
		00CD437B1B07025F00881914 = {
			isa = PBXGroup;
			children = (
				00CD43861B07025F00881914 /* CodeCoverage */,
				00CD439C1B07025F00881914 /* CodeCoverageTests */,
				00CD43851B07025F00881914 /* Products */,
			);
			sourceTree = "<group>";
		};
		00CD43851B07025F00881914 /* Products */ = {
			isa = PBXGroup;
			children = (
				00CD43841B07025F00881914 /* CodeCoverage.app */,
				00CD43991B07025F00881914 /* CodeCoverageTests.xctest */,
			);
			name = Products;
			sourceTree = "<group>";
		};
		00CD43861B07025F00881914 /* CodeCoverage */ = {
			isa = PBXGroup;
			children = (
				00CD43891B07025F00881914 /* AppDelegate.swift */,
				00CD438B1B07025F00881914 /* ViewController.swift */,
				00CD438D1B07025F00881914 /* Main.storyboard */,
				00CD43901B07025F00881914 /* Images.xcassets */,
				00CD43921B07025F00881914 /* LaunchScreen.xib */,
				00CD43871B07025F00881914 /* Supporting Files */,
			);
			path = CodeCoverage;
			sourceTree = "<group>";
		};
		00CD43871B07025F00881914 /* Supporting Files */ = {
			isa = PBXGroup;
			children = (
				00CD43881B07025F00881914 /* Info.plist */,
			);
			name = "Supporting Files";
			sourceTree = "<group>";
		};
		00CD439C1B07025F00881914 /* CodeCoverageTests */ = {
			isa = PBXGroup;
			children = (
				00CD439F1B07025F00881914 /* CodeCoverageTests.swift */,
				00CD439D1B07025F00881914 /* Supporting Files */,
			);
			path = CodeCoverageTests;
			sourceTree = "<group>";
		};
		00CD439D1B07025F00881914 /* Supporting Files */ = {
			isa = PBXGroup;
			children = (
				00CD439E1B07025F00881914 /* Info.plist */,
			);
			name = "Supporting Files";
			sourceTree = "<group>";
		};
/* End PBXGroup section */

/* Begin PBXNativeTarget section */
		00CD43831B07025F00881914 /* CodeCoverage */ = {
			isa = PBXNativeTarget;
			buildConfigurationList = 00CD43A31B07025F00881914 /* Build configuration list for PBXNativeTarget "CodeCoverage" */;
			buildPhases = (
				00CD43801B07025F00881914 /* Sources */,
				00CD43811B07025F00881914 /* Frameworks */,
				00CD43821B07025F00881914 /* Resources */,
			);
			buildRules = (
			);
			dependencies = (
			);
			name = CodeCoverage;
			productName = CodeCoverage;
			productReference = 00CD43841B07025F00881914 /* CodeCoverage.app */;
			productType = "com.apple.product-type.application";
		};
		00CD43981B07025F00881914 /* CodeCoverageTests */ = {
			isa = PBXNativeTarget;
			buildConfigurationList = 00CD43A61B07025F00881914 /* Build configuration list for PBXNativeTarget "CodeCoverageTests" */;
			buildPhases = (
				00CD43951B07025F00881914 /* Sources */,
				00CD43961B07025F00881914 /* Frameworks */,
				00CD43971B07025F00881914 /* Resources */,
			);
			buildRules = (
			);
			dependencies = (
				00CD439B1B07025F00881914 /* PBXTargetDependency */,
			);
			name = CodeCoverageTests;
			productName = CodeCoverageTests;
			productReference = 00CD43991B07025F00881914 /* CodeCoverageTests.xctest */;
			productType = "com.apple.product-type.bundle.unit-test";
		};
/* End PBXNativeTarget section */

/* Begin PBXProject section */
		00CD437C1B07025F00881914 /* Project object */ = {
			isa = PBXProject;
			attributes = {
				LastUpgradeCheck = 0640;
				ORGANIZATIONNAME = "Steve Riggins";
				TargetAttributes = {
					00CD43831B07025F00881914 = {
						CreatedOnToolsVersion = 6.3.2;
					};
					00CD43981B07025F00881914 = {
						CreatedOnToolsVersion = 6.3.2;
						TestTargetID = 00CD43831B07025F00881914;
					};
				};
			};
			buildConfigurationList = 00CD437F1B07025F00881914 /* Build configuration list for PBXProject "CodeCoverage" */;
			compatibilityVersion = "Xcode 3.2";
			developmentRegion = English;
			hasScannedForEncodings = 0;
			knownRegions = (
				en,
				Base,
			);
			mainGroup = 00CD437B1B07025F00881914;
			productRefGroup = 00CD43851B07025F00881914 /* Products */;
			projectDirPath = "";
			projectRoot = "";
			targets = (
				00CD43831B07025F00881914 /* CodeCoverage */,
				00CD43981B07025F00881914 /* CodeCoverageTests */,
			);
		};
/* End PBXProject section */

/* Begin PBXResourcesBuildPhase section */
		00CD43821B07025F00881914 /* Resources */ = {
			isa = PBXResourcesBuildPhase;
			buildActionMask = 2147483647;
			files = (
				00CD438F1B07025F00881914 /* Main.storyboard in Resources */,
				00CD43941B07025F00881914 /* LaunchScreen.xib in Resources */,
				00CD43911B07025F00881914 /* Images.xcassets in Resources */,
			);
			runOnlyForDeploymentPostprocessing = 0;
		};
		00CD43971B07025F00881914 /* Resources */ = {
			isa = PBXResourcesBuildPhase;
			buildActionMask = 2147483647;
			files = (
			);
			runOnlyForDeploymentPostprocessing = 0;
		};
/* End PBXResourcesBuildPhase section */

/* Begin PBXSourcesBuildPhase section */
		00CD43801B07025F00881914 /* Sources */ = {
			isa = PBXSourcesBuildPhase;
			buildActionMask = 2147483647;
			files = (
				00CD438C1B07025F00881914 /* ViewController.swift in Sources */,
				00CD438A1B07025F00881914 /* AppDelegate.swift in Sources */,
			);
			runOnlyForDeploymentPostprocessing = 0;
		};
		00CD43951B07025F00881914 /* Sources */ = {
			isa = PBXSourcesBuildPhase;
			buildActionMask = 2147483647;
			files = (
				00CD43A01B07025F00881914 /* CodeCoverageTests.swift in Sources */,
			);
			runOnlyForDeploymentPostprocessing = 0;
		};
/* End PBXSourcesBuildPhase section */

/* Begin PBXTargetDependency section */
		00CD439B1B07025F00881914 /* PBXTargetDependency */ = {
			isa = PBXTargetDependency;
			target = 00CD43831B07025F00881914 /* CodeCoverage */;
			targetProxy = 00CD439A1B07025F00881914 /* PBXContainerItemProxy */;
		};
/* End PBXTargetDependency section */

/* Begin PBXVariantGroup section */
		00CD438D1B07025F00881914 /* Main.storyboard */ = {
			isa = PBXVariantGroup;
			children = (
				00CD438E1B07025F00881914 /* Base */,
			);
			name = Main.storyboard;
			sourceTree = "<group>";
		};
		00CD43921B07025F00881914 /* LaunchScreen.xib */ = {
			isa = PBXVariantGroup;
			children = (
				00CD43931B07025F00881914 /* Base */,
			);
			name = LaunchScreen.xib;
			sourceTree = "<group>";
		};
/* End PBXVariantGroup section */

/* Begin XCBuildConfiguration section */
		00CD43A11B07025F00881914 /* Debug */ = {
			isa = XCBuildConfiguration;
			buildSettings = {
				ALWAYS_SEARCH_USER_PATHS = NO;
				CLANG_CXX_LANGUAGE_STANDARD = "gnu++0x";
				CLANG_CXX_LIBRARY = "libc++";
				CLANG_ENABLE_MODULES = YES;
				CLANG_ENABLE_OBJC_ARC = YES;
				CLANG_WARN_BOOL_CONVERSION = YES;
				CLANG_WARN_CONSTANT_CONVERSION = YES;
				CLANG_WARN_DIRECT_OBJC_ISA_USAGE = YES_ERROR;
				CLANG_WARN_EMPTY_BODY = YES;
				CLANG_WARN_ENUM_CONVERSION = YES;
				CLANG_WARN_INT_CONVERSION = YES;
				CLANG_WARN_OBJC_ROOT_CLASS = YES_ERROR;
				CLANG_WARN_UNREACHABLE_CODE = YES;
				CLANG_WARN__DUPLICATE_METHOD_MATCH = YES;
				"CODE_SIGN_IDENTITY[sdk=iphoneos*]" = "iPhone Developer";
				COPY_PHASE_STRIP = NO;
				DEBUG_INFORMATION_FORMAT = "dwarf-with-dsym";
				ENABLE_STRICT_OBJC_MSGSEND = YES;
				GCC_C_LANGUAGE_STANDARD = gnu99;
				GCC_DYNAMIC_NO_PIC = NO;
				GCC_NO_COMMON_BLOCKS = YES;
				GCC_OPTIMIZATION_LEVEL = 0;
				GCC_PREPROCESSOR_DEFINITIONS = (
					"DEBUG=1",
					"$(inherited)",
				);
				GCC_SYMBOLS_PRIVATE_EXTERN = NO;
				GCC_WARN_64_TO_32_BIT_CONVERSION = YES;
				GCC_WARN_ABOUT_RETURN_TYPE = YES_ERROR;
				GCC_WARN_UNDECLARED_SELECTOR = YES;
				GCC_WARN_UNINITIALIZED_AUTOS = YES_AGGRESSIVE;
				GCC_WARN_UNUSED_FUNCTION = YES;
				GCC_WARN_UNUSED_VARIABLE = YES;
				IPHONEOS_DEPLOYMENT_TARGET = 8.3;
				MTL_ENABLE_DEBUG_INFO = YES;
				ONLY_ACTIVE_ARCH = YES;
				SDKROOT = iphoneos;
				SWIFT_OPTIMIZATION_LEVEL = "-Onone";
			};
			name = Debug;
		};
		00CD43A21B07025F00881914 /* Release */ = {
			isa = XCBuildConfiguration;
			buildSettings = {
				ALWAYS_SEARCH_USER_PATHS = NO;
				CLANG_CXX_LANGUAGE_STANDARD = "gnu++0x";
				CLANG_CXX_LIBRARY = "libc++";
				CLANG_ENABLE_MODULES = YES;
				CLANG_ENABLE_OBJC_ARC = YES;
				CLANG_WARN_BOOL_CONVERSION = YES;
				CLANG_WARN_CONSTANT_CONVERSION = YES;
				CLANG_WARN_DIRECT_OBJC_ISA_USAGE = YES_ERROR;
				CLANG_WARN_EMPTY_BODY = YES;
				CLANG_WARN_ENUM_CONVERSION = YES;
				CLANG_WARN_INT_CONVERSION = YES;
				CLANG_WARN_OBJC_ROOT_CLASS = YES_ERROR;
				CLANG_WARN_UNREACHABLE_CODE = YES;
				CLANG_WARN__DUPLICATE_METHOD_MATCH = YES;
				"CODE_SIGN_IDENTITY[sdk=iphoneos*]" = "iPhone Developer";
				COPY_PHASE_STRIP = NO;
				DEBUG_INFORMATION_FORMAT = "dwarf-with-dsym";
				ENABLE_NS_ASSERTIONS = NO;
				ENABLE_STRICT_OBJC_MSGSEND = YES;
				GCC_C_LANGUAGE_STANDARD = gnu99;
				GCC_NO_COMMON_BLOCKS = YES;
				GCC_WARN_64_TO_32_BIT_CONVERSION = YES;
				GCC_WARN_ABOUT_RETURN_TYPE = YES_ERROR;
				GCC_WARN_UNDECLARED_SELECTOR = YES;
				GCC_WARN_UNINITIALIZED_AUTOS = YES_AGGRESSIVE;
				GCC_WARN_UNUSED_FUNCTION = YES;
				GCC_WARN_UNUSED_VARIABLE = YES;
				IPHONEOS_DEPLOYMENT_TARGET = 8.3;
				MTL_ENABLE_DEBUG_INFO = NO;
				SDKROOT = iphoneos;
				VALIDATE_PRODUCT = YES;
			};
			name = Release;
		};
		00CD43A41B07025F00881914 /* Debug */ = {
			isa = XCBuildConfiguration;
			buildSettings = {
				ASSETCATALOG_COMPILER_APPICON_NAME = AppIcon;
				INFOPLIST_FILE = CodeCoverage/Info.plist;
				LD_RUNPATH_SEARCH_PATHS = "$(inherited) @executable_path/Frameworks";
				PRODUCT_NAME = "$(TARGET_NAME)";
			};
			name = Debug;
		};
		00CD43A51B07025F00881914 /* Release */ = {
			isa = XCBuildConfiguration;
			buildSettings = {
				ASSETCATALOG_COMPILER_APPICON_NAME = AppIcon;
				INFOPLIST_FILE = CodeCoverage/Info.plist;
				LD_RUNPATH_SEARCH_PATHS = "$(inherited) @executable_path/Frameworks";
				PRODUCT_NAME = "$(TARGET_NAME)";
			};
			name = Release;
		};
		00CD43A71B07025F00881914 /* Debug */ = {
			isa = XCBuildConfiguration;
			buildSettings = {
				BUNDLE_LOADER = "$(TEST_HOST)";
				FRAMEWORK_SEARCH_PATHS = (
					"$(SDKROOT)/Developer/Library/Frameworks",
					"$(inherited)",
				);
				GCC_PREPROCESSOR_DEFINITIONS = (
					"DEBUG=1",
					"$(inherited)",
				);
				INFOPLIST_FILE = CodeCoverageTests/Info.plist;
				LD_RUNPATH_SEARCH_PATHS = "$(inherited) @executable_path/Frameworks @loader_path/Frameworks";
				PRODUCT_NAME = "$(TARGET_NAME)";
				TEST_HOST = "$(BUILT_PRODUCTS_DIR)/CodeCoverage.app/CodeCoverage";
			};
			name = Debug;
		};
		00CD43A81B07025F00881914 /* Release */ = {
			isa = XCBuildConfiguration;
			buildSettings = {
				BUNDLE_LOADER = "$(TEST_HOST)";
				FRAMEWORK_SEARCH_PATHS = (
					"$(SDKROOT)/Developer/Library/Frameworks",
					"$(inherited)",
				);
				INFOPLIST_FILE = CodeCoverageTests/Info.plist;
				LD_RUNPATH_SEARCH_PATHS = "$(inherited) @executable_path/Frameworks @loader_path/Frameworks";
				PRODUCT_NAME = "$(TARGET_NAME)";
				TEST_HOST = "$(BUILT_PRODUCTS_DIR)/CodeCoverage.app/CodeCoverage";
			};
			name = Release;
		};
/* End XCBuildConfiguration section */

/* Begin XCConfigurationList section */
		00CD437F1B07025F00881914 /* Build configuration list for PBXProject "CodeCoverage" */ = {
			isa = XCConfigurationList;
			buildConfigurations = (
				00CD43A11B07025F00881914 /* Debug */,
				00CD43A21B07025F00881914 /* Release */,
			);
			defaultConfigurationIsVisible = 0;
			defaultConfigurationName = Release;
		};
		00CD43A31B07025F00881914 /* Build configuration list for PBXNativeTarget "CodeCoverage" */ = {
			isa = XCConfigurationList;
			buildConfigurations = (
				00CD43A41B07025F00881914 /* Debug */,
				00CD43A51B07025F00881914 /* Release */,
			);
			defaultConfigurationIsVisible = 0;
		};
		00CD43A61B07025F00881914 /* Build configuration list for PBXNativeTarget "CodeCoverageTests" */ = {
			isa = XCConfigurationList;
			buildConfigurations = (
				00CD43A71B07025F00881914 /* Debug */,
				00CD43A81B07025F00881914 /* Release */,
			);
			defaultConfigurationIsVisible = 0;
		};
/* End XCConfigurationList section */
	};
	rootObject = 00CD437C1B07025F00881914 /* Project object */;
}
